
Microsoft Visual Studio Solution File, Format Version 11.00
# Visual Studio 2010
Project("{FAE04EC0-301F-11D3-BF4B-00C04F79EFBC}") = "Assembly-CSharp", "Assembly-CSharp.csproj", "{C948CD12-9CD4-CFFD-D589-3EF5CC9DD74E}"
EndProject
Project("{FAE04EC0-301F-11D3-BF4B-00C04F79EFBC}") = "Assembly-CSharp-Editor", "Assembly-CSharp-Editor.csproj", "{8148CDA2-B4C1-7C98-20B0-92E919ECB3D5}"
EndProject
Global
	GlobalSection(SolutionConfigurationPlatforms) = preSolution
		Debug|Any CPU = Debug|Any CPU
		Release|Any CPU = Release|Any CPU
	EndGlobalSection
	GlobalSection(ProjectConfigurationPlatforms) = postSolution
		{C948CD12-9CD4-CFFD-D589-3EF5CC9DD74E}.Debug|Any CPU.ActiveCfg = Debug|Any CPU
		{C948CD12-9CD4-CFFD-D589-3EF5CC9DD74E}.Debug|Any CPU.Build.0 = Debug|Any CPU
		{C948CD12-9CD4-CFFD-D589-3EF5CC9DD74E}.Release|Any CPU.ActiveCfg = Release|Any CPU
		{C948CD12-9CD4-CFFD-D589-3EF5CC9DD74E}.Release|Any CPU.Build.0 = Release|Any CPU
		{8148CDA2-B4C1-7C98-20B0-92E919ECB3D5}.Debug|Any CPU.ActiveCfg = Debug|Any CPU
		{8148CDA2-B4C1-7C98-20B0-92E919ECB3D5}.Debug|Any CPU.Build.0 = Debug|Any CPU
		{8148CDA2-B4C1-7C98-20B0-92E919ECB3D5}.Release|Any CPU.ActiveCfg = Release|Any CPU
		{8148CDA2-B4C1-7C98-20B0-92E919ECB3D5}.Release|Any CPU.Build.0 = Release|Any CPU
	EndGlobalSection
	GlobalSection(SolutionProperties) = preSolution
		HideSolutionNode = FALSE
	EndGlobalSection
EndGlobal
